{
  "name": "barb",
  "version": "0.1.1",
  "lockfileVersion": 1,
  "requires": true,
  "dependencies": {
    "barba.js": {
      "version": "1.0.0",
      "resolved": "https://registry.npmjs.org/barba.js/-/barba.js-1.0.0.tgz",
      "integrity": "sha1-PB1zWPDT+HcZyxvbd1vkF8knP30=",
      "dev": true
    }
  }
}
